
Microsoft Visual Studio Solution File, Format Version 12.00
Project("{FAE04EC0-301F-11D3-BF4B-00C04F79EFBC}") = "NotificationService.WebApi", "NotificationService.WebApi\NotificationService.WebApi.csproj", "{867B73E9-2E69-4AAE-ABD9-26E49D085F24}"
EndProject
Project("{FAE04EC0-301F-11D3-BF4B-00C04F79EFBC}") = "NotificationService.Domain", "NotificationService.Domain\NotificationService.Domain.csproj", "{38F3CA02-ED2E-494F-8814-6A5FFC06BC38}"
EndProject
Project("{FAE04EC0-301F-11D3-BF4B-00C04F79EFBC}") = "NotificationService.Infrastructure", "NotificationService.Infrastructure\NotificationService.Infrastructure.csproj", "{D6AA8114-638C-4943-A7A6-ACCCBE07BD8D}"
EndProject
Project("{FAE04EC0-301F-11D3-BF4B-00C04F79EFBC}") = "NotificationService.Application", "NotificationService.Application\NotificationService.Application.csproj", "{C4527C28-6013-490C-8F1B-82BB8D09C43B}"
EndProject
Project("{FAE04EC0-301F-11D3-BF4B-00C04F79EFBC}") = "NotificationService.Test", "NotificationService.Test\NotificationService.Test.csproj", "{80FB5834-1F68-4F4A-88C7-4BF31862BCFF}"
EndProject
Global
	GlobalSection(SolutionConfigurationPlatforms) = preSolution
		Debug|Any CPU = Debug|Any CPU
		Release|Any CPU = Release|Any CPU
	EndGlobalSection
	GlobalSection(ProjectConfigurationPlatforms) = postSolution
		{867B73E9-2E69-4AAE-ABD9-26E49D085F24}.Debug|Any CPU.ActiveCfg = Debug|Any CPU
		{867B73E9-2E69-4AAE-ABD9-26E49D085F24}.Debug|Any CPU.Build.0 = Debug|Any CPU
		{867B73E9-2E69-4AAE-ABD9-26E49D085F24}.Release|Any CPU.ActiveCfg = Release|Any CPU
		{867B73E9-2E69-4AAE-ABD9-26E49D085F24}.Release|Any CPU.Build.0 = Release|Any CPU
		{38F3CA02-ED2E-494F-8814-6A5FFC06BC38}.Debug|Any CPU.ActiveCfg = Debug|Any CPU
		{38F3CA02-ED2E-494F-8814-6A5FFC06BC38}.Debug|Any CPU.Build.0 = Debug|Any CPU
		{38F3CA02-ED2E-494F-8814-6A5FFC06BC38}.Release|Any CPU.ActiveCfg = Release|Any CPU
		{38F3CA02-ED2E-494F-8814-6A5FFC06BC38}.Release|Any CPU.Build.0 = Release|Any CPU
		{D6AA8114-638C-4943-A7A6-ACCCBE07BD8D}.Debug|Any CPU.ActiveCfg = Debug|Any CPU
		{D6AA8114-638C-4943-A7A6-ACCCBE07BD8D}.Debug|Any CPU.Build.0 = Debug|Any CPU
		{D6AA8114-638C-4943-A7A6-ACCCBE07BD8D}.Release|Any CPU.ActiveCfg = Release|Any CPU
		{D6AA8114-638C-4943-A7A6-ACCCBE07BD8D}.Release|Any CPU.Build.0 = Release|Any CPU
		{C4527C28-6013-490C-8F1B-82BB8D09C43B}.Debug|Any CPU.ActiveCfg = Debug|Any CPU
		{C4527C28-6013-490C-8F1B-82BB8D09C43B}.Debug|Any CPU.Build.0 = Debug|Any CPU
		{C4527C28-6013-490C-8F1B-82BB8D09C43B}.Release|Any CPU.ActiveCfg = Release|Any CPU
		{C4527C28-6013-490C-8F1B-82BB8D09C43B}.Release|Any CPU.Build.0 = Release|Any CPU
		{80FB5834-1F68-4F4A-88C7-4BF31862BCFF}.Debug|Any CPU.ActiveCfg = Debug|Any CPU
		{80FB5834-1F68-4F4A-88C7-4BF31862BCFF}.Debug|Any CPU.Build.0 = Debug|Any CPU
		{80FB5834-1F68-4F4A-88C7-4BF31862BCFF}.Release|Any CPU.ActiveCfg = Release|Any CPU
		{80FB5834-1F68-4F4A-88C7-4BF31862BCFF}.Release|Any CPU.Build.0 = Release|Any CPU
	EndGlobalSection
EndGlobal
